// !$*UTF8*$!
{
	archiveVersion = 1;
	classes = {
	};
	objectVersion = 46;
	objects = {

/* Begin PBXBuildFile section */
		45695254D0D8637FF865598C /* libPods-hreeLibExamples.a in Frameworks */ = {isa = PBXBuildFile; fileRef = 935BE4F62C3FB208C5AE7100 /* libPods-hreeLibExamples.a */; };
		5EBFBF4A5FC55CF07B6FB4FF /* libPods-hreeLibExamplesTests.a in Frameworks */ = {isa = PBXBuildFile; fileRef = 735C9DFAE6E0EB3E526C14BF /* libPods-hreeLibExamplesTests.a */; };
		6748071E10F9FDA1641E15E8 /* libPods-hreeLibExamplesUITests.a in Frameworks */ = {isa = PBXBuildFile; fileRef = F669AD8BDFD684D02DCB8328 /* libPods-hreeLibExamplesUITests.a */; };
		F254F7E61DB9C0B8000428AA /* main.m in Sources */ = {isa = PBXBuildFile; fileRef = F254F7E51DB9C0B8000428AA /* main.m */; };
		F254F7E91DB9C0B8000428AA /* AppDelegate.m in Sources */ = {isa = PBXBuildFile; fileRef = F254F7E81DB9C0B8000428AA /* AppDelegate.m */; };
		F254F7EC1DB9C0B8000428AA /* ViewController.m in Sources */ = {isa = PBXBuildFile; fileRef = F254F7EB1DB9C0B8000428AA /* ViewController.m */; };
		F254F7EF1DB9C0B8000428AA /* Main.storyboard in Resources */ = {isa = PBXBuildFile; fileRef = F254F7ED1DB9C0B8000428AA /* Main.storyboard */; };
		F254F7F11DB9C0B8000428AA /* Assets.xcassets in Resources */ = {isa = PBXBuildFile; fileRef = F254F7F01DB9C0B8000428AA /* Assets.xcassets */; };
		F254F7F41DB9C0B8000428AA /* LaunchScreen.storyboard in Resources */ = {isa = PBXBuildFile; fileRef = F254F7F21DB9C0B8000428AA /* LaunchScreen.storyboard */; };
		F254F7FF1DB9C0B8000428AA /* hreeLibExamplesTests.m in Sources */ = {isa = PBXBuildFile; fileRef = F254F7FE1DB9C0B8000428AA /* hreeLibExamplesTests.m */; };
		F254F80A1DB9C0B8000428AA /* hreeLibExamplesUITests.m in Sources */ = {isa = PBXBuildFile; fileRef = F254F8091DB9C0B8000428AA /* hreeLibExamplesUITests.m */; };
		F254F81B1DB9C237000428AA /* MBProgressHUDViewController.m in Sources */ = {isa = PBXBuildFile; fileRef = F254F8191DB9C237000428AA /* MBProgressHUDViewController.m */; };
		F254F81C1DB9C237000428AA /* MBProgressHUDViewController.xib in Resources */ = {isa = PBXBuildFile; fileRef = F254F81A1DB9C237000428AA /* MBProgressHUDViewController.xib */; };
/* End PBXBuildFile section */

/* Begin PBXContainerItemProxy section */
		F254F7FB1DB9C0B8000428AA /* PBXContainerItemProxy */ = {
			isa = PBXContainerItemProxy;
			containerPortal = F254F7D91DB9C0B8000428AA /* Project object */;
			proxyType = 1;
			remoteGlobalIDString = F254F7E01DB9C0B8000428AA;
			remoteInfo = hreeLibExamples;
		};
		F254F8061DB9C0B8000428AA /* PBXContainerItemProxy */ = {
			isa = PBXContainerItemProxy;
			containerPortal = F254F7D91DB9C0B8000428AA /* Project object */;
			proxyType = 1;
			remoteGlobalIDString = F254F7E01DB9C0B8000428AA;
			remoteInfo = hreeLibExamples;
		};
/* End PBXContainerItemProxy section */

/* Begin PBXFileReference section */
		1EB74C21AF06BC5F42F534F3 /* Pods-hreeLibExamplesUITests.release.xcconfig */ = {isa = PBXFileReference; includeInIndex = 1; lastKnownFileType = text.xcconfig; name = "Pods-hreeLibExamplesUITests.release.xcconfig"; path = "Pods/Target Support Files/Pods-hreeLibExamplesUITests/Pods-hreeLibExamplesUITests.release.xcconfig"; sourceTree = "<group>"; };
		39DE29A2CAB9A394A322A3A9 /* Pods-hreeLibExamplesUITests.debug.xcconfig */ = {isa = PBXFileReference; includeInIndex = 1; lastKnownFileType = text.xcconfig; name = "Pods-hreeLibExamplesUITests.debug.xcconfig"; path = "Pods/Target Support Files/Pods-hreeLibExamplesUITests/Pods-hreeLibExamplesUITests.debug.xcconfig"; sourceTree = "<group>"; };
		42E358829801F2CD1AE2A98E /* Pods-hreeLibExamples.release.xcconfig */ = {isa = PBXFileReference; includeInIndex = 1; lastKnownFileType = text.xcconfig; name = "Pods-hreeLibExamples.release.xcconfig"; path = "Pods/Target Support Files/Pods-hreeLibExamples/Pods-hreeLibExamples.release.xcconfig"; sourceTree = "<group>"; };
		6B871B77F369D54EE829963C /* Pods-hreeLibExamplesTests.debug.xcconfig */ = {isa = PBXFileReference; includeInIndex = 1; lastKnownFileType = text.xcconfig; name = "Pods-hreeLibExamplesTests.debug.xcconfig"; path = "Pods/Target Support Files/Pods-hreeLibExamplesTests/Pods-hreeLibExamplesTests.debug.xcconfig"; sourceTree = "<group>"; };
		735C9DFAE6E0EB3E526C14BF /* libPods-hreeLibExamplesTests.a */ = {isa = PBXFileReference; explicitFileType = archive.ar; includeInIndex = 0; path = "libPods-hreeLibExamplesTests.a"; sourceTree = BUILT_PRODUCTS_DIR; };
		935BE4F62C3FB208C5AE7100 /* libPods-hreeLibExamples.a */ = {isa = PBXFileReference; explicitFileType = archive.ar; includeInIndex = 0; path = "libPods-hreeLibExamples.a"; sourceTree = BUILT_PRODUCTS_DIR; };
		BDB4AAF3504A617DEAC2D809 /* Pods-hreeLibExamples.debug.xcconfig */ = {isa = PBXFileReference; includeInIndex = 1; lastKnownFileType = text.xcconfig; name = "Pods-hreeLibExamples.debug.xcconfig"; path = "Pods/Target Support Files/Pods-hreeLibExamples/Pods-hreeLibExamples.debug.xcconfig"; sourceTree = "<group>"; };
		DA857CFD3C9D6D1C921F7B39 /* Pods-hreeLibExamplesTests.release.xcconfig */ = {isa = PBXFileReference; includeInIndex = 1; lastKnownFileType = text.xcconfig; name = "Pods-hreeLibExamplesTests.release.xcconfig"; path = "Pods/Target Support Files/Pods-hreeLibExamplesTests/Pods-hreeLibExamplesTests.release.xcconfig"; sourceTree = "<group>"; };
		F254F7E11DB9C0B8000428AA /* hreeLibExamples.app */ = {isa = PBXFileReference; explicitFileType = wrapper.application; includeInIndex = 0; path = hreeLibExamples.app; sourceTree = BUILT_PRODUCTS_DIR; };
		F254F7E51DB9C0B8000428AA /* main.m */ = {isa = PBXFileReference; lastKnownFileType = sourcecode.c.objc; path = main.m; sourceTree = "<group>"; };
		F254F7E71DB9C0B8000428AA /* AppDelegate.h */ = {isa = PBXFileReference; lastKnownFileType = sourcecode.c.h; path = AppDelegate.h; sourceTree = "<group>"; };
		F254F7E81DB9C0B8000428AA /* AppDelegate.m */ = {isa = PBXFileReference; lastKnownFileType = sourcecode.c.objc; path = AppDelegate.m; sourceTree = "<group>"; };
		F254F7EA1DB9C0B8000428AA /* ViewController.h */ = {isa = PBXFileReference; lastKnownFileType = sourcecode.c.h; path = ViewController.h; sourceTree = "<group>"; };
		F254F7EB1DB9C0B8000428AA /* ViewController.m */ = {isa = PBXFileReference; lastKnownFileType = sourcecode.c.objc; path = ViewController.m; sourceTree = "<group>"; };
		F254F7EE1DB9C0B8000428AA /* Base */ = {isa = PBXFileReference; lastKnownFileType = file.storyboard; name = Base; path = Base.lproj/Main.storyboard; sourceTree = "<group>"; };
		F254F7F01DB9C0B8000428AA /* Assets.xcassets */ = {isa = PBXFileReference; lastKnownFileType = folder.assetcatalog; path = Assets.xcassets; sourceTree = "<group>"; };
		F254F7F31DB9C0B8000428AA /* Base */ = {isa = PBXFileReference; lastKnownFileType = file.storyboard; name = Base; path = Base.lproj/LaunchScreen.storyboard; sourceTree = "<group>"; };
		F254F7F51DB9C0B8000428AA /* Info.plist */ = {isa = PBXFileReference; lastKnownFileType = text.plist.xml; path = Info.plist; sourceTree = "<group>"; };
		F254F7FA1DB9C0B8000428AA /* hreeLibExamplesTests.xctest */ = {isa = PBXFileReference; explicitFileType = wrapper.cfbundle; includeInIndex = 0; path = hreeLibExamplesTests.xctest; sourceTree = BUILT_PRODUCTS_DIR; };
		F254F7FE1DB9C0B8000428AA /* hreeLibExamplesTests.m */ = {isa = PBXFileReference; lastKnownFileType = sourcecode.c.objc; path = hreeLibExamplesTests.m; sourceTree = "<group>"; };
		F254F8001DB9C0B8000428AA /* Info.plist */ = {isa = PBXFileReference; lastKnownFileType = text.plist.xml; path = Info.plist; sourceTree = "<group>"; };
		F254F8051DB9C0B8000428AA /* hreeLibExamplesUITests.xctest */ = {isa = PBXFileReference; explicitFileType = wrapper.cfbundle; includeInIndex = 0; path = hreeLibExamplesUITests.xctest; sourceTree = BUILT_PRODUCTS_DIR; };
		F254F8091DB9C0B8000428AA /* hreeLibExamplesUITests.m */ = {isa = PBXFileReference; lastKnownFileType = sourcecode.c.objc; path = hreeLibExamplesUITests.m; sourceTree = "<group>"; };
		F254F80B1DB9C0B8000428AA /* Info.plist */ = {isa = PBXFileReference; lastKnownFileType = text.plist.xml; path = Info.plist; sourceTree = "<group>"; };
		F254F8181DB9C237000428AA /* MBProgressHUDViewController.h */ = {isa = PBXFileReference; fileEncoding = 4; lastKnownFileType = sourcecode.c.h; path = MBProgressHUDViewController.h; sourceTree = "<group>"; };
		F254F8191DB9C237000428AA /* MBProgressHUDViewController.m */ = {isa = PBXFileReference; fileEncoding = 4; lastKnownFileType = sourcecode.c.objc; path = MBProgressHUDViewController.m; sourceTree = "<group>"; };
		F254F81A1DB9C237000428AA /* MBProgressHUDViewController.xib */ = {isa = PBXFileReference; fileEncoding = 4; lastKnownFileType = file.xib; path = MBProgressHUDViewController.xib; sourceTree = "<group>"; };
		F669AD8BDFD684D02DCB8328 /* libPods-hreeLibExamplesUITests.a */ = {isa = PBXFileReference; explicitFileType = archive.ar; includeInIndex = 0; path = "libPods-hreeLibExamplesUITests.a"; sourceTree = BUILT_PRODUCTS_DIR; };
/* End PBXFileReference section */

/* Begin PBXFrameworksBuildPhase section */
		F254F7DE1DB9C0B8000428AA /* Frameworks */ = {
			isa = PBXFrameworksBuildPhase;
			buildActionMask = 2147483647;
			files = (
				45695254D0D8637FF865598C /* libPods-hreeLibExamples.a in Frameworks */,
			);
			runOnlyForDeploymentPostprocessing = 0;
		};
		F254F7F71DB9C0B8000428AA /* Frameworks */ = {
			isa = PBXFrameworksBuildPhase;
			buildActionMask = 2147483647;
			files = (
				5EBFBF4A5FC55CF07B6FB4FF /* libPods-hreeLibExamplesTests.a in Frameworks */,
			);
			runOnlyForDeploymentPostprocessing = 0;
		};
		F254F8021DB9C0B8000428AA /* Frameworks */ = {
			isa = PBXFrameworksBuildPhase;
			buildActionMask = 2147483647;
			files = (
				6748071E10F9FDA1641E15E8 /* libPods-hreeLibExamplesUITests.a in Frameworks */,
			);
			runOnlyForDeploymentPostprocessing = 0;
		};
/* End PBXFrameworksBuildPhase section */

/* Begin PBXGroup section */
		037A9A8E761CCB1F8C6DEA67 /* Pods */ = {
			isa = PBXGroup;
			children = (
				BDB4AAF3504A617DEAC2D809 /* Pods-hreeLibExamples.debug.xcconfig */,
				42E358829801F2CD1AE2A98E /* Pods-hreeLibExamples.release.xcconfig */,
				6B871B77F369D54EE829963C /* Pods-hreeLibExamplesTests.debug.xcconfig */,
				DA857CFD3C9D6D1C921F7B39 /* Pods-hreeLibExamplesTests.release.xcconfig */,
				39DE29A2CAB9A394A322A3A9 /* Pods-hreeLibExamplesUITests.debug.xcconfig */,
				1EB74C21AF06BC5F42F534F3 /* Pods-hreeLibExamplesUITests.release.xcconfig */,
			);
			name = Pods;
			sourceTree = "<group>";
		};
		DB4883E0A2AEDD44F732D097 /* Frameworks */ = {
			isa = PBXGroup;
			children = (
				935BE4F62C3FB208C5AE7100 /* libPods-hreeLibExamples.a */,
				735C9DFAE6E0EB3E526C14BF /* libPods-hreeLibExamplesTests.a */,
				F669AD8BDFD684D02DCB8328 /* libPods-hreeLibExamplesUITests.a */,
			);
			name = Frameworks;
			sourceTree = "<group>";
		};
		F254F7D81DB9C0B8000428AA = {
			isa = PBXGroup;
			children = (
				F254F7E31DB9C0B8000428AA /* hreeLibExamples */,
				F254F7FD1DB9C0B8000428AA /* hreeLibExamplesTests */,
				F254F8081DB9C0B8000428AA /* hreeLibExamplesUITests */,
				F254F7E21DB9C0B8000428AA /* Products */,
				037A9A8E761CCB1F8C6DEA67 /* Pods */,
				DB4883E0A2AEDD44F732D097 /* Frameworks */,
			);
			sourceTree = "<group>";
		};
		F254F7E21DB9C0B8000428AA /* Products */ = {
			isa = PBXGroup;
			children = (
				F254F7E11DB9C0B8000428AA /* hreeLibExamples.app */,
				F254F7FA1DB9C0B8000428AA /* hreeLibExamplesTests.xctest */,
				F254F8051DB9C0B8000428AA /* hreeLibExamplesUITests.xctest */,
			);
			name = Products;
			sourceTree = "<group>";
		};
		F254F7E31DB9C0B8000428AA /* hreeLibExamples */ = {
			isa = PBXGroup;
			children = (
				F254F8171DB9C1F5000428AA /* MBProgressHUD */,
				F254F7E71DB9C0B8000428AA /* AppDelegate.h */,
				F254F7E81DB9C0B8000428AA /* AppDelegate.m */,
				F254F7EA1DB9C0B8000428AA /* ViewController.h */,
				F254F7EB1DB9C0B8000428AA /* ViewController.m */,
				F254F7ED1DB9C0B8000428AA /* Main.storyboard */,
				F254F7F01DB9C0B8000428AA /* Assets.xcassets */,
				F254F7F21DB9C0B8000428AA /* LaunchScreen.storyboard */,
				F254F7F51DB9C0B8000428AA /* Info.plist */,
				F254F7E41DB9C0B8000428AA /* Supporting Files */,
			);
			path = hreeLibExamples;
			sourceTree = "<group>";
		};
		F254F7E41DB9C0B8000428AA /* Supporting Files */ = {
			isa = PBXGroup;
			children = (
				F254F7E51DB9C0B8000428AA /* main.m */,
			);
			name = "Supporting Files";
			sourceTree = "<group>";
		};
		F254F7FD1DB9C0B8000428AA /* hreeLibExamplesTests */ = {
			isa = PBXGroup;
			children = (
				F254F7FE1DB9C0B8000428AA /* hreeLibExamplesTests.m */,
				F254F8001DB9C0B8000428AA /* Info.plist */,
			);
			path = hreeLibExamplesTests;
			sourceTree = "<group>";
		};
		F254F8081DB9C0B8000428AA /* hreeLibExamplesUITests */ = {
			isa = PBXGroup;
			children = (
				F254F8091DB9C0B8000428AA /* hreeLibExamplesUITests.m */,
				F254F80B1DB9C0B8000428AA /* Info.plist */,
			);
			path = hreeLibExamplesUITests;
			sourceTree = "<group>";
		};
		F254F8171DB9C1F5000428AA /* MBProgressHUD */ = {
			isa = PBXGroup;
			children = (
				F254F8181DB9C237000428AA /* MBProgressHUDViewController.h */,
				F254F8191DB9C237000428AA /* MBProgressHUDViewController.m */,
				F254F81A1DB9C237000428AA /* MBProgressHUDViewController.xib */,
			);
			name = MBProgressHUD;
			sourceTree = "<group>";
		};
/* End PBXGroup section */

/* Begin PBXNativeTarget section */
		F254F7E01DB9C0B8000428AA /* hreeLibExamples */ = {
			isa = PBXNativeTarget;
			buildConfigurationList = F254F80E1DB9C0B8000428AA /* Build configuration list for PBXNativeTarget "hreeLibExamples" */;
			buildPhases = (
				D5D80E8CE8C7C655ECDB4AFB /* [CP] Check Pods Manifest.lock */,
				F254F7DD1DB9C0B8000428AA /* Sources */,
				F254F7DE1DB9C0B8000428AA /* Frameworks */,
				F254F7DF1DB9C0B8000428AA /* Resources */,
				868D169935DAB013A79FB95E /* [CP] Embed Pods Frameworks */,
				8C9C18130623E258285E0BD5 /* [CP] Copy Pods Resources */,
			);
			buildRules = (
			);
			dependencies = (
			);
			name = hreeLibExamples;
			productName = hreeLibExamples;
			productReference = F254F7E11DB9C0B8000428AA /* hreeLibExamples.app */;
			productType = "com.apple.product-type.application";
		};
		F254F7F91DB9C0B8000428AA /* hreeLibExamplesTests */ = {
			isa = PBXNativeTarget;
			buildConfigurationList = F254F8111DB9C0B8000428AA /* Build configuration list for PBXNativeTarget "hreeLibExamplesTests" */;
			buildPhases = (
				CD662FC0E0D599F027CFCCB3 /* [CP] Check Pods Manifest.lock */,
				F254F7F61DB9C0B8000428AA /* Sources */,
				F254F7F71DB9C0B8000428AA /* Frameworks */,
				F254F7F81DB9C0B8000428AA /* Resources */,
				522ED215B7268B674BFC5FF7 /* [CP] Embed Pods Frameworks */,
				FACB24D99431873648653EFB /* [CP] Copy Pods Resources */,
			);
			buildRules = (
			);
			dependencies = (
				F254F7FC1DB9C0B8000428AA /* PBXTargetDependency */,
			);
			name = hreeLibExamplesTests;
			productName = hreeLibExamplesTests;
			productReference = F254F7FA1DB9C0B8000428AA /* hreeLibExamplesTests.xctest */;
			productType = "com.apple.product-type.bundle.unit-test";
		};
		F254F8041DB9C0B8000428AA /* hreeLibExamplesUITests */ = {
			isa = PBXNativeTarget;
			buildConfigurationList = F254F8141DB9C0B8000428AA /* Build configuration list for PBXNativeTarget "hreeLibExamplesUITests" */;
			buildPhases = (
				7CD8135DB936D50F563066CA /* [CP] Check Pods Manifest.lock */,
				F254F8011DB9C0B8000428AA /* Sources */,
				F254F8021DB9C0B8000428AA /* Frameworks */,
				F254F8031DB9C0B8000428AA /* Resources */,
				FBB4989D53BEFBE962649B6F /* [CP] Copy Pods Resources */,
			);
			buildRules = (
			);
			dependencies = (
				F254F8071DB9C0B8000428AA /* PBXTargetDependency */,
			);
			name = hreeLibExamplesUITests;
			productName = hreeLibExamplesUITests;
			productReference = F254F8051DB9C0B8000428AA /* hreeLibExamplesUITests.xctest */;
			productType = "com.apple.product-type.bundle.ui-testing";
		};
/* End PBXNativeTarget section */

/* Begin PBXProject section */
		F254F7D91DB9C0B8000428AA /* Project object */ = {
			isa = PBXProject;
			attributes = {
				LastUpgradeCheck = 0800;
				ORGANIZATIONNAME = "tab zhou";
				TargetAttributes = {
					F254F7E01DB9C0B8000428AA = {
						CreatedOnToolsVersion = 8.0;
						DevelopmentTeam = 6SKRWCR7JS;
						ProvisioningStyle = Automatic;
					};
					F254F7F91DB9C0B8000428AA = {
						CreatedOnToolsVersion = 8.0;
						DevelopmentTeam = 6SKRWCR7JS;
						ProvisioningStyle = Automatic;
						TestTargetID = F254F7E01DB9C0B8000428AA;
					};
					F254F8041DB9C0B8000428AA = {
						CreatedOnToolsVersion = 8.0;
						DevelopmentTeam = 6SKRWCR7JS;
						ProvisioningStyle = Automatic;
						TestTargetID = F254F7E01DB9C0B8000428AA;
					};
				};
			};
			buildConfigurationList = F254F7DC1DB9C0B8000428AA /* Build configuration list for PBXProject "hreeLibExamples" */;
			compatibilityVersion = "Xcode 3.2";
			developmentRegion = English;
			hasScannedForEncodings = 0;
			knownRegions = (
				en,
				Base,
			);
			mainGroup = F254F7D81DB9C0B8000428AA;
			productRefGroup = F254F7E21DB9C0B8000428AA /* Products */;
			projectDirPath = "";
			projectRoot = "";
			targets = (
				F254F7E01DB9C0B8000428AA /* hreeLibExamples */,
				F254F7F91DB9C0B8000428AA /* hreeLibExamplesTests */,
				F254F8041DB9C0B8000428AA /* hreeLibExamplesUITests */,
			);
		};
/* End PBXProject section */

/* Begin PBXResourcesBuildPhase section */
		F254F7DF1DB9C0B8000428AA /* Resources */ = {
			isa = PBXResourcesBuildPhase;
			buildActionMask = 2147483647;
			files = (
				F254F81C1DB9C237000428AA /* MBProgressHUDViewController.xib in Resources */,
				F254F7F41DB9C0B8000428AA /* LaunchScreen.storyboard in Resources */,
				F254F7F11DB9C0B8000428AA /* Assets.xcassets in Resources */,
				F254F7EF1DB9C0B8000428AA /* Main.storyboard in Resources */,
			);
			runOnlyForDeploymentPostprocessing = 0;
		};
		F254F7F81DB9C0B8000428AA /* Resources */ = {
			isa = PBXResourcesBuildPhase;
			buildActionMask = 2147483647;
			files = (
			);
			runOnlyForDeploymentPostprocessing = 0;
		};
		F254F8031DB9C0B8000428AA /* Resources */ = {
			isa = PBXResourcesBuildPhase;
			buildActionMask = 2147483647;
			files = (
			);
			runOnlyForDeploymentPostprocessing = 0;
		};
/* End PBXResourcesBuildPhase section */

/* Begin PBXShellScriptBuildPhase section */
		522ED215B7268B674BFC5FF7 /* [CP] Embed Pods Frameworks */ = {
			isa = PBXShellScriptBuildPhase;
			buildActionMask = 2147483647;
			files = (
			);
			inputPaths = (
			);
			name = "[CP] Embed Pods Frameworks";
			outputPaths = (
			);
			runOnlyForDeploymentPostprocessing = 0;
			shellPath = /bin/sh;
			shellScript = "\"${SRCROOT}/Pods/Target Support Files/Pods-hreeLibExamplesTests/Pods-hreeLibExamplesTests-frameworks.sh\"\n";
			showEnvVarsInLog = 0;
		};
		7CD8135DB936D50F563066CA /* [CP] Check Pods Manifest.lock */ = {
			isa = PBXShellScriptBuildPhase;
			buildActionMask = 2147483647;
			files = (
			);
			inputPaths = (
			);
			name = "[CP] Check Pods Manifest.lock";
			outputPaths = (
			);
			runOnlyForDeploymentPostprocessing = 0;
			shellPath = /bin/sh;
			shellScript = "diff \"${PODS_ROOT}/../Podfile.lock\" \"${PODS_ROOT}/Manifest.lock\" > /dev/null\nif [[ $? != 0 ]] ; then\n    cat << EOM\nerror: The sandbox is not in sync with the Podfile.lock. Run 'pod install' or update your CocoaPods installation.\nEOM\n    exit 1\nfi\n";
			showEnvVarsInLog = 0;
		};
		868D169935DAB013A79FB95E /* [CP] Embed Pods Frameworks */ = {
			isa = PBXShellScriptBuildPhase;
			buildActionMask = 2147483647;
			files = (
			);
			inputPaths = (
			);
			name = "[CP] Embed Pods Frameworks";
			outputPaths = (
			);
			runOnlyForDeploymentPostprocessing = 0;
			shellPath = /bin/sh;
			shellScript = "\"${SRCROOT}/Pods/Target Support Files/Pods-hreeLibExamples/Pods-hreeLibExamples-frameworks.sh\"\n";
			showEnvVarsInLog = 0;
		};
		8C9C18130623E258285E0BD5 /* [CP] Copy Pods Resources */ = {
			isa = PBXShellScriptBuildPhase;
			buildActionMask = 2147483647;
			files = (
			);
			inputPaths = (
			);
			name = "[CP] Copy Pods Resources";
			outputPaths = (
			);
			runOnlyForDeploymentPostprocessing = 0;
			shellPath = /bin/sh;
			shellScript = "\"${SRCROOT}/Pods/Target Support Files/Pods-hreeLibExamples/Pods-hreeLibExamples-resources.sh\"\n";
			showEnvVarsInLog = 0;
		};
		CD662FC0E0D599F027CFCCB3 /* [CP] Check Pods Manifest.lock */ = {
			isa = PBXShellScriptBuildPhase;
			buildActionMask = 2147483647;
			files = (
			);
			inputPaths = (
			);
			name = "[CP] Check Pods Manifest.lock";
			outputPaths = (
			);
			runOnlyForDeploymentPostprocessing = 0;
			shellPath = /bin/sh;
			shellScript = "diff \"${PODS_ROOT}/../Podfile.lock\" \"${PODS_ROOT}/Manifest.lock\" > /dev/null\nif [[ $? != 0 ]] ; then\n    cat << EOM\nerror: The sandbox is not in sync with the Podfile.lock. Run 'pod install' or update your CocoaPods installation.\nEOM\n    exit 1\nfi\n";
			showEnvVarsInLog = 0;
		};
		D5D80E8CE8C7C655ECDB4AFB /* [CP] Check Pods Manifest.lock */ = {
			isa = PBXShellScriptBuildPhase;
			buildActionMask = 2147483647;
			files = (
			);
			inputPaths = (
			);
			name = "[CP] Check Pods Manifest.lock";
			outputPaths = (
			);
			runOnlyForDeploymentPostprocessing = 0;
			shellPath = /bin/sh;
			shellScript = "diff \"${PODS_ROOT}/../Podfile.lock\" \"${PODS_ROOT}/Manifest.lock\" > /dev/null\nif [[ $? != 0 ]] ; then\n    cat << EOM\nerror: The sandbox is not in sync with the Podfile.lock. Run 'pod install' or update your CocoaPods installation.\nEOM\n    exit 1\nfi\n";
			showEnvVarsInLog = 0;
		};
		FACB24D99431873648653EFB /* [CP] Copy Pods Resources */ = {
			isa = PBXShellScriptBuildPhase;
			buildActionMask = 2147483647;
			files = (
			);
			inputPaths = (
			);
			name = "[CP] Copy Pods Resources";
			outputPaths = (
			);
			runOnlyForDeploymentPostprocessing = 0;
			shellPath = /bin/sh;
			shellScript = "\"${SRCROOT}/Pods/Target Support Files/Pods-hreeLibExamplesTests/Pods-hreeLibExamplesTests-resources.sh\"\n";
			showEnvVarsInLog = 0;
		};
		FBB4989D53BEFBE962649B6F /* [CP] Copy Pods Resources */ = {
			isa = PBXShellScriptBuildPhase;
			buildActionMask = 2147483647;
			files = (
			);
			inputPaths = (
			);
			name = "[CP] Copy Pods Resources";
			outputPaths = (
			);
			runOnlyForDeploymentPostprocessing = 0;
			shellPath = /bin/sh;
			shellScript = "\"${SRCROOT}/Pods/Target Support Files/Pods-hreeLibExamplesUITests/Pods-hreeLibExamplesUITests-resources.sh\"\n";
			showEnvVarsInLog = 0;
		};
/* End PBXShellScriptBuildPhase section */

/* Begin PBXSourcesBuildPhase section */
		F254F7DD1DB9C0B8000428AA /* Sources */ = {
			isa = PBXSourcesBuildPhase;
			buildActionMask = 2147483647;
			files = (
				F254F81B1DB9C237000428AA /* MBProgressHUDViewController.m in Sources */,
				F254F7EC1DB9C0B8000428AA /* ViewController.m in Sources */,
				F254F7E91DB9C0B8000428AA /* AppDelegate.m in Sources */,
				F254F7E61DB9C0B8000428AA /* main.m in Sources */,
			);
			runOnlyForDeploymentPostprocessing = 0;
		};
		F254F7F61DB9C0B8000428AA /* Sources */ = {
			isa = PBXSourcesBuildPhase;
			buildActionMask = 2147483647;
			files = (
				F254F7FF1DB9C0B8000428AA /* hreeLibExamplesTests.m in Sources */,
			);
			runOnlyForDeploymentPostprocessing = 0;
		};
		F254F8011DB9C0B8000428AA /* Sources */ = {
			isa = PBXSourcesBuildPhase;
			buildActionMask = 2147483647;
			files = (
				F254F80A1DB9C0B8000428AA /* hreeLibExamplesUITests.m in Sources */,
			);
			runOnlyForDeploymentPostprocessing = 0;
		};
/* End PBXSourcesBuildPhase section */

/* Begin PBXTargetDependency section */
		F254F7FC1DB9C0B8000428AA /* PBXTargetDependency */ = {
			isa = PBXTargetDependency;
			target = F254F7E01DB9C0B8000428AA /* hreeLibExamples */;
			targetProxy = F254F7FB1DB9C0B8000428AA /* PBXContainerItemProxy */;
		};
		F254F8071DB9C0B8000428AA /* PBXTargetDependency */ = {
			isa = PBXTargetDependency;
			target = F254F7E01DB9C0B8000428AA /* hreeLibExamples */;
			targetProxy = F254F8061DB9C0B8000428AA /* PBXContainerItemProxy */;
		};
/* End PBXTargetDependency section */

/* Begin PBXVariantGroup section */
		F254F7ED1DB9C0B8000428AA /* Main.storyboard */ = {
			isa = PBXVariantGroup;
			children = (
				F254F7EE1DB9C0B8000428AA /* Base */,
			);
			name = Main.storyboard;
			sourceTree = "<group>";
		};
		F254F7F21DB9C0B8000428AA /* LaunchScreen.storyboard */ = {
			isa = PBXVariantGroup;
			children = (
				F254F7F31DB9C0B8000428AA /* Base */,
			);
			name = LaunchScreen.storyboard;
			sourceTree = "<group>";
		};
/* End PBXVariantGroup section */

/* Begin XCBuildConfiguration section */
		F254F80C1DB9C0B8000428AA /* Debug */ = {
			isa = XCBuildConfiguration;
			buildSettings = {
				ALWAYS_SEARCH_USER_PATHS = NO;
				CLANG_ANALYZER_NONNULL = YES;
				CLANG_CXX_LANGUAGE_STANDARD = "gnu++0x";
				CLANG_CXX_LIBRARY = "libc++";
				CLANG_ENABLE_MODULES = YES;
				CLANG_ENABLE_OBJC_ARC = YES;
				CLANG_WARN_BOOL_CONVERSION = YES;
				CLANG_WARN_CONSTANT_CONVERSION = YES;
				CLANG_WARN_DIRECT_OBJC_ISA_USAGE = YES_ERROR;
				CLANG_WARN_DOCUMENTATION_COMMENTS = YES;
				CLANG_WARN_EMPTY_BODY = YES;
				CLANG_WARN_ENUM_CONVERSION = YES;
				CLANG_WARN_INFINITE_RECURSION = YES;
				CLANG_WARN_INT_CONVERSION = YES;
				CLANG_WARN_OBJC_ROOT_CLASS = YES_ERROR;
				CLANG_WARN_SUSPICIOUS_MOVES = YES;
				CLANG_WARN_UNREACHABLE_CODE = YES;
				CLANG_WARN__DUPLICATE_METHOD_MATCH = YES;
				"CODE_SIGN_IDENTITY[sdk=iphoneos*]" = "iPhone Developer";
				COPY_PHASE_STRIP = NO;
				DEBUG_INFORMATION_FORMAT = dwarf;
				ENABLE_STRICT_OBJC_MSGSEND = YES;
				ENABLE_TESTABILITY = YES;
				GCC_C_LANGUAGE_STANDARD = gnu99;
				GCC_DYNAMIC_NO_PIC = NO;
				GCC_NO_COMMON_BLOCKS = YES;
				GCC_OPTIMIZATION_LEVEL = 0;
				GCC_PREPROCESSOR_DEFINITIONS = (
					"DEBUG=1",
					"$(inherited)",
				);
				GCC_WARN_64_TO_32_BIT_CONVERSION = YES;
				GCC_WARN_ABOUT_RETURN_TYPE = YES_ERROR;
				GCC_WARN_UNDECLARED_SELECTOR = YES;
				GCC_WARN_UNINITIALIZED_AUTOS = YES_AGGRESSIVE;
				GCC_WARN_UNUSED_FUNCTION = YES;
				GCC_WARN_UNUSED_VARIABLE = YES;
				IPHONEOS_DEPLOYMENT_TARGET = 10.0;
				MTL_ENABLE_DEBUG_INFO = YES;
				ONLY_ACTIVE_ARCH = YES;
				SDKROOT = iphoneos;
				TARGETED_DEVICE_FAMILY = "1,2";
			};
			name = Debug;
		};
		F254F80D1DB9C0B8000428AA /* Release */ = {
			isa = XCBuildConfiguration;
			buildSettings = {
				ALWAYS_SEARCH_USER_PATHS = NO;
				CLANG_ANALYZER_NONNULL = YES;
				CLANG_CXX_LANGUAGE_STANDARD = "gnu++0x";
				CLANG_CXX_LIBRARY = "libc++";
				CLANG_ENABLE_MODULES = YES;
				CLANG_ENABLE_OBJC_ARC = YES;
				CLANG_WARN_BOOL_CONVERSION = YES;
				CLANG_WARN_CONSTANT_CONVERSION = YES;
				CLANG_WARN_DIRECT_OBJC_ISA_USAGE = YES_ERROR;
				CLANG_WARN_DOCUMENTATION_COMMENTS = YES;
				CLANG_WARN_EMPTY_BODY = YES;
				CLANG_WARN_ENUM_CONVERSION = YES;
				CLANG_WARN_INFINITE_RECURSION = YES;
				CLANG_WARN_INT_CONVERSION = YES;
				CLANG_WARN_OBJC_ROOT_CLASS = YES_ERROR;
				CLANG_WARN_SUSPICIOUS_MOVES = YES;
				CLANG_WARN_UNREACHABLE_CODE = YES;
				CLANG_WARN__DUPLICATE_METHOD_MATCH = YES;
				"CODE_SIGN_IDENTITY[sdk=iphoneos*]" = "iPhone Developer";
				COPY_PHASE_STRIP = NO;
				DEBUG_INFORMATION_FORMAT = "dwarf-with-dsym";
				ENABLE_NS_ASSERTIONS = NO;
				ENABLE_STRICT_OBJC_MSGSEND = YES;
				GCC_C_LANGUAGE_STANDARD = gnu99;
				GCC_NO_COMMON_BLOCKS = YES;
				GCC_WARN_64_TO_32_BIT_CONVERSION = YES;
				GCC_WARN_ABOUT_RETURN_TYPE = YES_ERROR;
				GCC_WARN_UNDECLARED_SELECTOR = YES;
				GCC_WARN_UNINITIALIZED_AUTOS = YES_AGGRESSIVE;
				GCC_WARN_UNUSED_FUNCTION = YES;
				GCC_WARN_UNUSED_VARIABLE = YES;
				IPHONEOS_DEPLOYMENT_TARGET = 10.0;
				MTL_ENABLE_DEBUG_INFO = NO;
				SDKROOT = iphoneos;
				TARGETED_DEVICE_FAMILY = "1,2";
				VALIDATE_PRODUCT = YES;
			};
			name = Release;
		};
		F254F80F1DB9C0B8000428AA /* Debug */ = {
			isa = XCBuildConfiguration;
			baseConfigurationReference = BDB4AAF3504A617DEAC2D809 /* Pods-hreeLibExamples.debug.xcconfig */;
			buildSettings = {
				ASSETCATALOG_COMPILER_APPICON_NAME = AppIcon;
				DEVELOPMENT_TEAM = 6SKRWCR7JS;
				INFOPLIST_FILE = hreeLibExamples/Info.plist;
				LD_RUNPATH_SEARCH_PATHS = "$(inherited) @executable_path/Frameworks";
				PRODUCT_BUNDLE_IDENTIFIER = com.cnpdc.hreeLibExamples;
				PRODUCT_NAME = "$(TARGET_NAME)";
			};
			name = Debug;
		};
		F254F8101DB9C0B8000428AA /* Release */ = {
			isa = XCBuildConfiguration;
			baseConfigurationReference = 42E358829801F2CD1AE2A98E /* Pods-hreeLibExamples.release.xcconfig */;
			buildSettings = {
				ASSETCATALOG_COMPILER_APPICON_NAME = AppIcon;
				DEVELOPMENT_TEAM = 6SKRWCR7JS;
				INFOPLIST_FILE = hreeLibExamples/Info.plist;
				LD_RUNPATH_SEARCH_PATHS = "$(inherited) @executable_path/Frameworks";
				PRODUCT_BUNDLE_IDENTIFIER = com.cnpdc.hreeLibExamples;
				PRODUCT_NAME = "$(TARGET_NAME)";
			};
			name = Release;
		};
		F254F8121DB9C0B8000428AA /* Debug */ = {
			isa = XCBuildConfiguration;
			baseConfigurationReference = 6B871B77F369D54EE829963C /* Pods-hreeLibExamplesTests.debug.xcconfig */;
			buildSettings = {
				BUNDLE_LOADER = "$(TEST_HOST)";
				DEVELOPMENT_TEAM = 6SKRWCR7JS;
				INFOPLIST_FILE = hreeLibExamplesTests/Info.plist;
				LD_RUNPATH_SEARCH_PATHS = "$(inherited) @executable_path/Frameworks @loader_path/Frameworks";
				PRODUCT_BUNDLE_IDENTIFIER = com.cnpdc.hreeLibExamplesTests;
				PRODUCT_NAME = "$(TARGET_NAME)";
				TEST_HOST = "$(BUILT_PRODUCTS_DIR)/hreeLibExamples.app/hreeLibExamples";
			};
			name = Debug;
		};
		F254F8131DB9C0B8000428AA /* Release */ = {
			isa = XCBuildConfiguration;
			baseConfigurationReference = DA857CFD3C9D6D1C921F7B39 /* Pods-hreeLibExamplesTests.release.xcconfig */;
			buildSettings = {
				BUNDLE_LOADER = "$(TEST_HOST)";
				DEVELOPMENT_TEAM = 6SKRWCR7JS;
				INFOPLIST_FILE = hreeLibExamplesTests/Info.plist;
				LD_RUNPATH_SEARCH_PATHS = "$(inherited) @executable_path/Frameworks @loader_path/Frameworks";
				PRODUCT_BUNDLE_IDENTIFIER = com.cnpdc.hreeLibExamplesTests;
				PRODUCT_NAME = "$(TARGET_NAME)";
				TEST_HOST = "$(BUILT_PRODUCTS_DIR)/hreeLibExamples.app/hreeLibExamples";
			};
			name = Release;
		};
		F254F8151DB9C0B8000428AA /* Debug */ = {
			isa = XCBuildConfiguration;
			baseConfigurationReference = 39DE29A2CAB9A394A322A3A9 /* Pods-hreeLibExamplesUITests.debug.xcconfig */;
			buildSettings = {
				DEVELOPMENT_TEAM = 6SKRWCR7JS;
				INFOPLIST_FILE = hreeLibExamplesUITests/Info.plist;
				LD_RUNPATH_SEARCH_PATHS = "$(inherited) @executable_path/Frameworks @loader_path/Frameworks";
				PRODUCT_BUNDLE_IDENTIFIER = com.cnpdc.hreeLibExamplesUITests;
				PRODUCT_NAME = "$(TARGET_NAME)";
				TEST_TARGET_NAME = hreeLibExamples;
			};
			name = Debug;
		};
		F254F8161DB9C0B8000428AA /* Release */ = {
			isa = XCBuildConfiguration;
			baseConfigurationReference = 1EB74C21AF06BC5F42F534F3 /* Pods-hreeLibExamplesUITests.release.xcconfig */;
			buildSettings = {
				DEVELOPMENT_TEAM = 6SKRWCR7JS;
				INFOPLIST_FILE = hreeLibExamplesUITests/Info.plist;
				LD_RUNPATH_SEARCH_PATHS = "$(inherited) @executable_path/Frameworks @loader_path/Frameworks";
				PRODUCT_BUNDLE_IDENTIFIER = com.cnpdc.hreeLibExamplesUITests;
				PRODUCT_NAME = "$(TARGET_NAME)";
				TEST_TARGET_NAME = hreeLibExamples;
			};
			name = Release;
		};
/* End XCBuildConfiguration section */

/* Begin XCConfigurationList section */
		F254F7DC1DB9C0B8000428AA /* Build configuration list for PBXProject "hreeLibExamples" */ = {
			isa = XCConfigurationList;
			buildConfigurations = (
				F254F80C1DB9C0B8000428AA /* Debug */,
				F254F80D1DB9C0B8000428AA /* Release */,
			);
			defaultConfigurationIsVisible = 0;
			defaultConfigurationName = Release;
		};
		F254F80E1DB9C0B8000428AA /* Build configuration list for PBXNativeTarget "hreeLibExamples" */ = {
			isa = XCConfigurationList;
			buildConfigurations = (
				F254F80F1DB9C0B8000428AA /* Debug */,
				F254F8101DB9C0B8000428AA /* Release */,
			);
			defaultConfigurationIsVisible = 0;
			defaultConfigurationName = Release;
		};
		F254F8111DB9C0B8000428AA /* Build configuration list for PBXNativeTarget "hreeLibExamplesTests" */ = {
			isa = XCConfigurationList;
			buildConfigurations = (
				F254F8121DB9C0B8000428AA /* Debug */,
				F254F8131DB9C0B8000428AA /* Release */,
			);
			defaultConfigurationIsVisible = 0;
			defaultConfigurationName = Release;
		};
		F254F8141DB9C0B8000428AA /* Build configuration list for PBXNativeTarget "hreeLibExamplesUITests" */ = {
			isa = XCConfigurationList;
			buildConfigurations = (
				F254F8151DB9C0B8000428AA /* Debug */,
				F254F8161DB9C0B8000428AA /* Release */,
			);
			defaultConfigurationIsVisible = 0;
			defaultConfigurationName = Release;
		};
/* End XCConfigurationList section */
	};
	rootObject = F254F7D91DB9C0B8000428AA /* Project object */;
}
